
Microsoft Visual Studio Solution File, Format Version 12.00
# Visual Studio Version 16
VisualStudioVersion = 16.0.31729.503
MinimumVisualStudioVersion = 10.0.40219.1
Project("{8BC9CEB8-8B4A-11D0-8D11-00A0C91BC942}") = "Lab2_3", "Lab2_3\Lab2_3.vcxproj", "{586F7E85-21A1-4DA9-B052-352FE18D956A}"
EndProject
Global
	GlobalSection(SolutionConfigurationPlatforms) = preSolution
		Debug|x64 = Debug|x64
		Debug|x86 = Debug|x86
		Release|x64 = Release|x64
		Release|x86 = Release|x86
	EndGlobalSection
	GlobalSection(ProjectConfigurationPlatforms) = postSolution
		{586F7E85-21A1-4DA9-B052-352FE18D956A}.Debug|x64.ActiveCfg = Debug|x64
		{586F7E85-21A1-4DA9-B052-352FE18D956A}.Debug|x64.Build.0 = Debug|x64
		{586F7E85-21A1-4DA9-B052-352FE18D956A}.Debug|x86.ActiveCfg = Debug|Win32
		{586F7E85-21A1-4DA9-B052-352FE18D956A}.Debug|x86.Build.0 = Debug|Win32
		{586F7E85-21A1-4DA9-B052-352FE18D956A}.Release|x64.ActiveCfg = Release|x64
		{586F7E85-21A1-4DA9-B052-352FE18D956A}.Release|x64.Build.0 = Release|x64
		{586F7E85-21A1-4DA9-B052-352FE18D956A}.Release|x86.ActiveCfg = Release|Win32
		{586F7E85-21A1-4DA9-B052-352FE18D956A}.Release|x86.Build.0 = Release|Win32
	EndGlobalSection
	GlobalSection(SolutionProperties) = preSolution
		HideSolutionNode = FALSE
	EndGlobalSection
	GlobalSection(ExtensibilityGlobals) = postSolution
		SolutionGuid = {89AD9370-EF90-4586-999E-376B2B8A3756}
	EndGlobalSection
EndGlobal
